// !$*UTF8*$!
{
	archiveVersion = 1;
	classes = {
	};
	objectVersion = 48;
	objects = {

/* Begin PBXBuildFile section */
		D94ED3691FE0F4AB00911FEA /* ExercisePageViewController.swift in Sources */ = {isa = PBXBuildFile; fileRef = D94ED3681FE0F4AB00911FEA /* ExercisePageViewController.swift */; };
		D94ED36B1FE0FC9800911FEA /* ExerciseViewController.swift in Sources */ = {isa = PBXBuildFile; fileRef = D94ED36A1FE0FC9800911FEA /* ExerciseViewController.swift */; };
		D96AC3C91FDF7892004F6AB9 /* CardStyleTableView.framework in Frameworks */ = {isa = PBXBuildFile; fileRef = D96AC3C81FDF7892004F6AB9 /* CardStyleTableView.framework */; };
		D96AC3CA1FDF7892004F6AB9 /* CardStyleTableView.framework in Embed Frameworks */ = {isa = PBXBuildFile; fileRef = D96AC3C81FDF7892004F6AB9 /* CardStyleTableView.framework */; settings = {ATTRIBUTES = (CodeSignOnCopy, RemoveHeadersOnCopy, ); }; };
		D96C67871FD8F7EA0001F6EA /* AppDelegate.swift in Sources */ = {isa = PBXBuildFile; fileRef = D96C67861FD8F7EA0001F6EA /* AppDelegate.swift */; };
		D96C67911FD8F7EA0001F6EA /* Assets.xcassets in Resources */ = {isa = PBXBuildFile; fileRef = D96C67901FD8F7EA0001F6EA /* Assets.xcassets */; };
		D96C67941FD8F7EA0001F6EA /* LaunchScreen.storyboard in Resources */ = {isa = PBXBuildFile; fileRef = D96C67921FD8F7EA0001F6EA /* LaunchScreen.storyboard */; };
		D96C67A21FD91C510001F6EA /* AddCardViewController.swift in Sources */ = {isa = PBXBuildFile; fileRef = D96C679B1FD91C510001F6EA /* AddCardViewController.swift */; };
		D96C67A41FD91C510001F6EA /* WorkoutsTableViewController.swift in Sources */ = {isa = PBXBuildFile; fileRef = D96C679D1FD91C510001F6EA /* WorkoutsTableViewController.swift */; };
		D96C67A51FD91C510001F6EA /* Main.storyboard in Resources */ = {isa = PBXBuildFile; fileRef = D96C679E1FD91C510001F6EA /* Main.storyboard */; };
		D96C67A71FD91C510001F6EA /* WorkoutsTableViewCell.swift in Sources */ = {isa = PBXBuildFile; fileRef = D96C67A01FD91C510001F6EA /* WorkoutsTableViewCell.swift */; };
		D96C67A81FD91C510001F6EA /* AddDeckViewController.swift in Sources */ = {isa = PBXBuildFile; fileRef = D96C67A11FD91C510001F6EA /* AddDeckViewController.swift */; };
		D9EFE8941FDBA9280003CABA /* stillmyset.xcdatamodeld in Sources */ = {isa = PBXBuildFile; fileRef = D9EFE8921FDBA9280003CABA /* stillmyset.xcdatamodeld */; };
/* End PBXBuildFile section */

/* Begin PBXCopyFilesBuildPhase section */
		D9EFE89A1FDC1B8E0003CABA /* Embed Frameworks */ = {
			isa = PBXCopyFilesBuildPhase;
			buildActionMask = 2147483647;
			dstPath = "";
			dstSubfolderSpec = 10;
			files = (
				D96AC3CA1FDF7892004F6AB9 /* CardStyleTableView.framework in Embed Frameworks */,
			);
			name = "Embed Frameworks";
			runOnlyForDeploymentPostprocessing = 0;
		};
/* End PBXCopyFilesBuildPhase section */

/* Begin PBXFileReference section */
		D94ED3681FE0F4AB00911FEA /* ExercisePageViewController.swift */ = {isa = PBXFileReference; lastKnownFileType = sourcecode.swift; path = ExercisePageViewController.swift; sourceTree = "<group>"; };
		D94ED36A1FE0FC9800911FEA /* ExerciseViewController.swift */ = {isa = PBXFileReference; lastKnownFileType = sourcecode.swift; path = ExerciseViewController.swift; sourceTree = "<group>"; };
		D96AC3C81FDF7892004F6AB9 /* CardStyleTableView.framework */ = {isa = PBXFileReference; lastKnownFileType = wrapper.framework; name = CardStyleTableView.framework; path = Carthage/Build/iOS/CardStyleTableView.framework; sourceTree = "<group>"; };
		D96C67831FD8F7EA0001F6EA /* stillmyset.app */ = {isa = PBXFileReference; explicitFileType = wrapper.application; includeInIndex = 0; path = stillmyset.app; sourceTree = BUILT_PRODUCTS_DIR; };
		D96C67861FD8F7EA0001F6EA /* AppDelegate.swift */ = {isa = PBXFileReference; lastKnownFileType = sourcecode.swift; path = AppDelegate.swift; sourceTree = "<group>"; };
		D96C67901FD8F7EA0001F6EA /* Assets.xcassets */ = {isa = PBXFileReference; lastKnownFileType = folder.assetcatalog; path = Assets.xcassets; sourceTree = "<group>"; };
		D96C67931FD8F7EA0001F6EA /* Base */ = {isa = PBXFileReference; lastKnownFileType = file.storyboard; name = Base; path = Base.lproj/LaunchScreen.storyboard; sourceTree = "<group>"; };
		D96C67951FD8F7EA0001F6EA /* Info.plist */ = {isa = PBXFileReference; lastKnownFileType = text.plist.xml; path = Info.plist; sourceTree = "<group>"; };
		D96C679B1FD91C510001F6EA /* AddCardViewController.swift */ = {isa = PBXFileReference; fileEncoding = 4; lastKnownFileType = sourcecode.swift; path = AddCardViewController.swift; sourceTree = "<group>"; };
		D96C679D1FD91C510001F6EA /* WorkoutsTableViewController.swift */ = {isa = PBXFileReference; fileEncoding = 4; lastKnownFileType = sourcecode.swift; path = WorkoutsTableViewController.swift; sourceTree = "<group>"; };
		D96C679E1FD91C510001F6EA /* Main.storyboard */ = {isa = PBXFileReference; fileEncoding = 4; lastKnownFileType = file.storyboard; path = Main.storyboard; sourceTree = "<group>"; };
		D96C67A01FD91C510001F6EA /* WorkoutsTableViewCell.swift */ = {isa = PBXFileReference; fileEncoding = 4; lastKnownFileType = sourcecode.swift; path = WorkoutsTableViewCell.swift; sourceTree = "<group>"; };
		D96C67A11FD91C510001F6EA /* AddDeckViewController.swift */ = {isa = PBXFileReference; fileEncoding = 4; lastKnownFileType = sourcecode.swift; path = AddDeckViewController.swift; sourceTree = "<group>"; };
		D9EFE8931FDBA9280003CABA /* flashcards.xcdatamodel */ = {isa = PBXFileReference; lastKnownFileType = wrapper.xcdatamodel; path = flashcards.xcdatamodel; sourceTree = "<group>"; };
/* End PBXFileReference section */

/* Begin PBXFrameworksBuildPhase section */
		D96C67801FD8F7EA0001F6EA /* Frameworks */ = {
			isa = PBXFrameworksBuildPhase;
			buildActionMask = 2147483647;
			files = (
				D96AC3C91FDF7892004F6AB9 /* CardStyleTableView.framework in Frameworks */,
			);
			runOnlyForDeploymentPostprocessing = 0;
		};
/* End PBXFrameworksBuildPhase section */

/* Begin PBXGroup section */
		D96C677A1FD8F7EA0001F6EA = {
			isa = PBXGroup;
			children = (
				D96AC3C81FDF7892004F6AB9 /* CardStyleTableView.framework */,
				D96C67851FD8F7EA0001F6EA /* stillmyset */,
				D96C67841FD8F7EA0001F6EA /* Products */,
			);
			sourceTree = "<group>";
		};
		D96C67841FD8F7EA0001F6EA /* Products */ = {
			isa = PBXGroup;
			children = (
				D96C67831FD8F7EA0001F6EA /* stillmyset.app */,
			);
			name = Products;
			sourceTree = "<group>";
		};
		D96C67851FD8F7EA0001F6EA /* stillmyset */ = {
			isa = PBXGroup;
			children = (
				D9EFE8921FDBA9280003CABA /* stillmyset.xcdatamodeld */,
				D96C679B1FD91C510001F6EA /* AddCardViewController.swift */,
				D96C67A11FD91C510001F6EA /* AddDeckViewController.swift */,
				D96C67A01FD91C510001F6EA /* WorkoutsTableViewCell.swift */,
				D96C679D1FD91C510001F6EA /* WorkoutsTableViewController.swift */,
				D96C679E1FD91C510001F6EA /* Main.storyboard */,
				D96C67861FD8F7EA0001F6EA /* AppDelegate.swift */,
				D96C67901FD8F7EA0001F6EA /* Assets.xcassets */,
				D96C67921FD8F7EA0001F6EA /* LaunchScreen.storyboard */,
				D96C67951FD8F7EA0001F6EA /* Info.plist */,
				D94ED3681FE0F4AB00911FEA /* ExercisePageViewController.swift */,
				D94ED36A1FE0FC9800911FEA /* ExerciseViewController.swift */,
			);
			path = stillmyset;
			sourceTree = "<group>";
		};
/* End PBXGroup section */

/* Begin PBXNativeTarget section */
		D96C67821FD8F7EA0001F6EA /* stillmyset */ = {
			isa = PBXNativeTarget;
			buildConfigurationList = D96C67981FD8F7EA0001F6EA /* Build configuration list for PBXNativeTarget "stillmyset" */;
			buildPhases = (
				D96C677F1FD8F7EA0001F6EA /* Sources */,
				D96C67801FD8F7EA0001F6EA /* Frameworks */,
				D96C67811FD8F7EA0001F6EA /* Resources */,
				D9EFE89A1FDC1B8E0003CABA /* Embed Frameworks */,
			);
			buildRules = (
			);
			dependencies = (
			);
			name = stillmyset;
			productName = stillmyset;
			productReference = D96C67831FD8F7EA0001F6EA /* stillmyset.app */;
			productType = "com.apple.product-type.application";
		};
/* End PBXNativeTarget section */

/* Begin PBXProject section */
		D96C677B1FD8F7EA0001F6EA /* Project object */ = {
			isa = PBXProject;
			attributes = {
				LastSwiftUpdateCheck = 0910;
				LastUpgradeCheck = 0910;
				ORGANIZATIONNAME = "Austin Edwards";
				TargetAttributes = {
					D96C67821FD8F7EA0001F6EA = {
						CreatedOnToolsVersion = 9.1;
						ProvisioningStyle = Automatic;
					};
				};
			};
			buildConfigurationList = D96C677E1FD8F7EA0001F6EA /* Build configuration list for PBXProject "stillmyset" */;
			compatibilityVersion = "Xcode 8.0";
			developmentRegion = en;
			hasScannedForEncodings = 0;
			knownRegions = (
				en,
				Base,
			);
			mainGroup = D96C677A1FD8F7EA0001F6EA;
			productRefGroup = D96C67841FD8F7EA0001F6EA /* Products */;
			projectDirPath = "";
			projectRoot = "";
			targets = (
				D96C67821FD8F7EA0001F6EA /* stillmyset */,
			);
		};
/* End PBXProject section */

/* Begin PBXResourcesBuildPhase section */
		D96C67811FD8F7EA0001F6EA /* Resources */ = {
			isa = PBXResourcesBuildPhase;
			buildActionMask = 2147483647;
			files = (
				D96C67941FD8F7EA0001F6EA /* LaunchScreen.storyboard in Resources */,
				D96C67911FD8F7EA0001F6EA /* Assets.xcassets in Resources */,
				D96C67A51FD91C510001F6EA /* Main.storyboard in Resources */,
			);
			runOnlyForDeploymentPostprocessing = 0;
		};
/* End PBXResourcesBuildPhase section */

/* Begin PBXSourcesBuildPhase section */
		D96C677F1FD8F7EA0001F6EA /* Sources */ = {
			isa = PBXSourcesBuildPhase;
			buildActionMask = 2147483647;
			files = (
				D96C67A71FD91C510001F6EA /* WorkoutsTableViewCell.swift in Sources */,
				D9EFE8941FDBA9280003CABA /* stillmyset.xcdatamodeld in Sources */,
				D96C67A81FD91C510001F6EA /* AddDeckViewController.swift in Sources */,
				D96C67A21FD91C510001F6EA /* AddCardViewController.swift in Sources */,
				D96C67A41FD91C510001F6EA /* WorkoutsTableViewController.swift in Sources */,
				D94ED3691FE0F4AB00911FEA /* ExercisePageViewController.swift in Sources */,
				D94ED36B1FE0FC9800911FEA /* ExerciseViewController.swift in Sources */,
				D96C67871FD8F7EA0001F6EA /* AppDelegate.swift in Sources */,
			);
			runOnlyForDeploymentPostprocessing = 0;
		};
/* End PBXSourcesBuildPhase section */

/* Begin PBXVariantGroup section */
		D96C67921FD8F7EA0001F6EA /* LaunchScreen.storyboard */ = {
			isa = PBXVariantGroup;
			children = (
				D96C67931FD8F7EA0001F6EA /* Base */,
			);
			name = LaunchScreen.storyboard;
			sourceTree = "<group>";
		};
/* End PBXVariantGroup section */

/* Begin XCBuildConfiguration section */
		D96C67961FD8F7EA0001F6EA /* Debug */ = {
			isa = XCBuildConfiguration;
			buildSettings = {
				ALWAYS_SEARCH_USER_PATHS = NO;
				CLANG_ANALYZER_NONNULL = YES;
				CLANG_ANALYZER_NUMBER_OBJECT_CONVERSION = YES_AGGRESSIVE;
				CLANG_CXX_LANGUAGE_STANDARD = "gnu++14";
				CLANG_CXX_LIBRARY = "libc++";
				CLANG_ENABLE_MODULES = YES;
				CLANG_ENABLE_OBJC_ARC = YES;
				CLANG_WARN_BLOCK_CAPTURE_AUTORELEASING = YES;
				CLANG_WARN_BOOL_CONVERSION = YES;
				CLANG_WARN_COMMA = YES;
				CLANG_WARN_CONSTANT_CONVERSION = YES;
				CLANG_WARN_DIRECT_OBJC_ISA_USAGE = YES_ERROR;
				CLANG_WARN_DOCUMENTATION_COMMENTS = YES;
				CLANG_WARN_EMPTY_BODY = YES;
				CLANG_WARN_ENUM_CONVERSION = YES;
				CLANG_WARN_INFINITE_RECURSION = YES;
				CLANG_WARN_INT_CONVERSION = YES;
				CLANG_WARN_NON_LITERAL_NULL_CONVERSION = YES;
				CLANG_WARN_OBJC_LITERAL_CONVERSION = YES;
				CLANG_WARN_OBJC_ROOT_CLASS = YES_ERROR;
				CLANG_WARN_RANGE_LOOP_ANALYSIS = YES;
				CLANG_WARN_STRICT_PROTOTYPES = YES;
				CLANG_WARN_SUSPICIOUS_MOVE = YES;
				CLANG_WARN_UNGUARDED_AVAILABILITY = YES_AGGRESSIVE;
				CLANG_WARN_UNREACHABLE_CODE = YES;
				CLANG_WARN__DUPLICATE_METHOD_MATCH = YES;
				CODE_SIGN_IDENTITY = "iPhone Developer";
				COPY_PHASE_STRIP = NO;
				DEBUG_INFORMATION_FORMAT = dwarf;
				ENABLE_STRICT_OBJC_MSGSEND = YES;
				ENABLE_TESTABILITY = YES;
				GCC_C_LANGUAGE_STANDARD = gnu11;
				GCC_DYNAMIC_NO_PIC = NO;
				GCC_NO_COMMON_BLOCKS = YES;
				GCC_OPTIMIZATION_LEVEL = 0;
				GCC_PREPROCESSOR_DEFINITIONS = (
					"DEBUG=1",
					"$(inherited)",
				);
				GCC_WARN_64_TO_32_BIT_CONVERSION = YES;
				GCC_WARN_ABOUT_RETURN_TYPE = YES_ERROR;
				GCC_WARN_UNDECLARED_SELECTOR = YES;
				GCC_WARN_UNINITIALIZED_AUTOS = YES_AGGRESSIVE;
				GCC_WARN_UNUSED_FUNCTION = YES;
				GCC_WARN_UNUSED_VARIABLE = YES;
				IPHONEOS_DEPLOYMENT_TARGET = 11.1;
				MTL_ENABLE_DEBUG_INFO = YES;
				ONLY_ACTIVE_ARCH = YES;
				SDKROOT = iphoneos;
				SWIFT_ACTIVE_COMPILATION_CONDITIONS = DEBUG;
				SWIFT_OPTIMIZATION_LEVEL = "-Onone";
			};
			name = Debug;
		};
		D96C67971FD8F7EA0001F6EA /* Release */ = {
			isa = XCBuildConfiguration;
			buildSettings = {
				ALWAYS_SEARCH_USER_PATHS = NO;
				CLANG_ANALYZER_NONNULL = YES;
				CLANG_ANALYZER_NUMBER_OBJECT_CONVERSION = YES_AGGRESSIVE;
				CLANG_CXX_LANGUAGE_STANDARD = "gnu++14";
				CLANG_CXX_LIBRARY = "libc++";
				CLANG_ENABLE_MODULES = YES;
				CLANG_ENABLE_OBJC_ARC = YES;
				CLANG_WARN_BLOCK_CAPTURE_AUTORELEASING = YES;
				CLANG_WARN_BOOL_CONVERSION = YES;
				CLANG_WARN_COMMA = YES;
				CLANG_WARN_CONSTANT_CONVERSION = YES;
				CLANG_WARN_DIRECT_OBJC_ISA_USAGE = YES_ERROR;
				CLANG_WARN_DOCUMENTATION_COMMENTS = YES;
				CLANG_WARN_EMPTY_BODY = YES;
				CLANG_WARN_ENUM_CONVERSION = YES;
				CLANG_WARN_INFINITE_RECURSION = YES;
				CLANG_WARN_INT_CONVERSION = YES;
				CLANG_WARN_NON_LITERAL_NULL_CONVERSION = YES;
				CLANG_WARN_OBJC_LITERAL_CONVERSION = YES;
				CLANG_WARN_OBJC_ROOT_CLASS = YES_ERROR;
				CLANG_WARN_RANGE_LOOP_ANALYSIS = YES;
				CLANG_WARN_STRICT_PROTOTYPES = YES;
				CLANG_WARN_SUSPICIOUS_MOVE = YES;
				CLANG_WARN_UNGUARDED_AVAILABILITY = YES_AGGRESSIVE;
				CLANG_WARN_UNREACHABLE_CODE = YES;
				CLANG_WARN__DUPLICATE_METHOD_MATCH = YES;
				CODE_SIGN_IDENTITY = "iPhone Developer";
				COPY_PHASE_STRIP = NO;
				DEBUG_INFORMATION_FORMAT = "dwarf-with-dsym";
				ENABLE_NS_ASSERTIONS = NO;
				ENABLE_STRICT_OBJC_MSGSEND = YES;
				GCC_C_LANGUAGE_STANDARD = gnu11;
				GCC_NO_COMMON_BLOCKS = YES;
				GCC_WARN_64_TO_32_BIT_CONVERSION = YES;
				GCC_WARN_ABOUT_RETURN_TYPE = YES_ERROR;
				GCC_WARN_UNDECLARED_SELECTOR = YES;
				GCC_WARN_UNINITIALIZED_AUTOS = YES_AGGRESSIVE;
				GCC_WARN_UNUSED_FUNCTION = YES;
				GCC_WARN_UNUSED_VARIABLE = YES;
				IPHONEOS_DEPLOYMENT_TARGET = 11.1;
				MTL_ENABLE_DEBUG_INFO = NO;
				SDKROOT = iphoneos;
				SWIFT_OPTIMIZATION_LEVEL = "-Owholemodule";
				VALIDATE_PRODUCT = YES;
			};
			name = Release;
		};
		D96C67991FD8F7EA0001F6EA /* Debug */ = {
			isa = XCBuildConfiguration;
			buildSettings = {
				ASSETCATALOG_COMPILER_APPICON_NAME = AppIcon;
				CODE_SIGN_STYLE = Automatic;
				FRAMEWORK_SEARCH_PATHS = (
					"$(inherited)",
					"$(PROJECT_DIR)/Carthage/Build/iOS",
				);
				INFOPLIST_FILE = stillmyset/Info.plist;
				LD_RUNPATH_SEARCH_PATHS = "$(inherited) @executable_path/Frameworks";
				PRODUCT_BUNDLE_IDENTIFIER = umsl.edu.stillmyset;
				PRODUCT_NAME = "$(TARGET_NAME)";
				SWIFT_VERSION = 4.0;
				TARGETED_DEVICE_FAMILY = "1,2";
			};
			name = Debug;
		};
		D96C679A1FD8F7EA0001F6EA /* Release */ = {
			isa = XCBuildConfiguration;
			buildSettings = {
				ASSETCATALOG_COMPILER_APPICON_NAME = AppIcon;
				CODE_SIGN_STYLE = Automatic;
				FRAMEWORK_SEARCH_PATHS = (
					"$(inherited)",
					"$(PROJECT_DIR)/Carthage/Build/iOS",
				);
				INFOPLIST_FILE = stillmyset/Info.plist;
				LD_RUNPATH_SEARCH_PATHS = "$(inherited) @executable_path/Frameworks";
				PRODUCT_BUNDLE_IDENTIFIER = umsl.edu.stillmyset;
				PRODUCT_NAME = "$(TARGET_NAME)";
				SWIFT_VERSION = 4.0;
				TARGETED_DEVICE_FAMILY = "1,2";
			};
			name = Release;
		};
/* End XCBuildConfiguration section */

/* Begin XCConfigurationList section */
		D96C677E1FD8F7EA0001F6EA /* Build configuration list for PBXProject "stillmyset" */ = {
			isa = XCConfigurationList;
			buildConfigurations = (
				D96C67961FD8F7EA0001F6EA /* Debug */,
				D96C67971FD8F7EA0001F6EA /* Release */,
			);
			defaultConfigurationIsVisible = 0;
			defaultConfigurationName = Release;
		};
		D96C67981FD8F7EA0001F6EA /* Build configuration list for PBXNativeTarget "stillmyset" */ = {
			isa = XCConfigurationList;
			buildConfigurations = (
				D96C67991FD8F7EA0001F6EA /* Debug */,
				D96C679A1FD8F7EA0001F6EA /* Release */,
			);
			defaultConfigurationIsVisible = 0;
			defaultConfigurationName = Release;
		};
/* End XCConfigurationList section */

/* Begin XCVersionGroup section */
		D9EFE8921FDBA9280003CABA /* stillmyset.xcdatamodeld */ = {
			isa = XCVersionGroup;
			children = (
				D9EFE8931FDBA9280003CABA /* flashcards.xcdatamodel */,
			);
			currentVersion = D9EFE8931FDBA9280003CABA /* flashcards.xcdatamodel */;
			path = stillmyset.xcdatamodeld;
			sourceTree = "<group>";
			versionGroupType = wrapper.xcdatamodel;
		};
/* End XCVersionGroup section */
	};
	rootObject = D96C677B1FD8F7EA0001F6EA /* Project object */;
}
